github.com/davecgh/go-spew v1.1.0/go.mod h1:J7Y8YcW2NihsgmVo/mv3lAwl/skON4iLHjSsI+c5H38=
github.com/davecgh/go-spew v1.1.1 h1:vj9j/u1bqnvCEfJOwUhtlOARqs3+rkHYY13jYWTU97c=
github.com/davecgh/go-spew v1.1.1/go.mod h1:J7Y8YcW2NihsgmVo/mv3lAwl/skON4iLHjSsI+c5H38=
github.com/felixge/httpsnoop v1.0.2 h1:+nS9g82KMXccJ/wp0zyRW9ZBHFETmMGtkk+2CTTrW4o=
github.com/felixge/httpsnoop v1.0.2/go.mod h1:m8KPJKqk1gH5J9DgRY2ASl2lWCfGKXixSwevea8zH2U=
github.com/go-logr/logr v1.2.0/go.mod h1:jdQByPbusPIv2/zmleS9BjJVeZ6kBagPoEUsqbVz/1A=
github.com/go-logr/logr v1.2.1 h1:DX7uPQ4WgAWfoh+NGGlbJQswnYIVvz0SRlLS3rPZQDA=
github.com/go-logr/logr v1.2.1/go.mod h1:jdQByPbusPIv2/zmleS9BjJVeZ6kBagPoEUsqbVz/1A=
github.com/go-logr/logr v1.2.2 h1:ahHml/yUpnlb96Rp8HCvtYVPY8ZYpxq3g7UYchIYwbs=
github.com/go-logr/logr v1.2.2/go.mod h1:jdQByPbusPIv2/zmleS9BjJVeZ6kBagPoEUsqbVz/1A=
github.com/go-logr/stdr v1.2.0 h1:j4LrlVXgrbIWO83mmQUnK0Hi+YnbD+vzrE1z/EphbFE=
github.com/go-logr/stdr v1.2.0/go.mod h1:YkVgnZu1ZjjL7xTxrfm/LLZBfkhTqSR1ydtm6jTKKwI=
github.com/go-logr/stdr v1.2.2 h1:hSWxHoqTgW2S2qGc0LTAI563KZ5YKYRhT3MFKZMbjag=
github.com/go-logr/stdr v1.2.2/go.mod h1:mMo/vtBO5dYbehREoey6XUKy/eSumjCCveDpRre4VKE=
github.com/google/go-cmp v0.5.6 h1:BKbKCqvP6I+rmFHt06ZmyQtvB8xAkWdhFyr0ZUNZcxQ=
github.com/google/go-cmp v0.5.6/go.mod h1:v8dTdLbMG2kIc/vJvl+f65V22dbkXbowE6jgT/gNBxE=
github.com/google/go-cmp v0.5.7/go.mod h1:n+brtR0CgQNWTVd5ZUFpTBC8YFBDLK/h/bpaJ8/DtOE=
github.com/jinzhu/inflection v1.0.0 h1:K317FqzuhWc8YvSVlFMCCUb36O/S9MCKRDI7QkRKD/E=
github.com/jinzhu/inflection v1.0.0/go.mod h1:h+uFLlag+Qp1Va5pdKtLDYj+kHp5pxUVkryuEj+Srlc=
github.com/jinzhu/now v1.1.1/go.mod h1:d3SSVoowX0Lcu0IBviAWJpolVfI5UJVZZ7cO71lE/z8=
github.com/jinzhu/now v1.1.2 h1:eVKgfIdy9b6zbWBMgFpfDPoAMifwSZagU9HmEU6zgiI=
github.com/jinzhu/now v1.1.2/go.mod h1:d3SSVoowX0Lcu0IBviAWJpolVfI5UJVZZ7cO71lE/z8=
github.com/jinzhu/now v1.1.4 h1:tHnRBy1i5F2Dh8BAFxqFzxKqqvezXrL2OW1TnX+Mlas=
github.com/jinzhu/now v1.1.4/go.mod h1:d3SSVoowX0Lcu0IBviAWJpolVfI5UJVZZ7cO71lE/z8=
github.com/pmezard/go-difflib v1.0.0 h1:4DBwDE0NGyQoBHbLQYPwSUPoCMWR5BEzIk/f1lZbAQM=
github.com/pmezard/go-difflib v1.0.0/go.mod h1:iKH77koFhYxTK1pcRnkKkqfTogsbg7gZNVY4sRDYZ/4=
github.com/sirupsen/logrus v1.8.1 h1:dJKuHgqk1NNQlqoA6BTlM1Wf9DOH3NBjQyu0h9+AZZE=
github.com/sirupsen/logrus v1.8.1/go.mod h1:yWOB1SBYBC5VeMP7gHvWumXLIWorT60ONWic61uBYv0=
github.com/stretchr/objx v0.1.0/go.mod h1:HFkY916IF+rwdDfMAkV7OtwuqBVzrE8GR6GFx+wExME=
github.com/stretchr/testify v1.2.2/go.mod h1:a8OnRcib4nhh0OaRAV+Yts87kKdq0PP7pXfy6kDkUVs=
github.com/stretchr/testify v1.7.0 h1:nwc3DEeHmmLAfoZucVR881uASk0Mfjw8xYJ99tb5CcY=
github.com/stretchr/testify v1.7.0/go.mod h1:6Fq8oRcR53rry900zMqJjRRixrwX3KX962/h/Wwjteg=
github.com/uptrace/opentelemetry-go-extra/otellogrus v0.1.8 h1:E4FnHQzQbwBJheuLL6TAoYEbgAOebKlQXGJCP1OBwJo=
github.com/uptrace/opentelemetry-go-extra/otellogrus v0.1.8/go.mod h1:Glauz9iTsKLgmKwAfHBEmzfNHmsatQOg7bsxuO8trG8=
github.com/uptrace/opentelemetry-go-extra/otelutil v0.1.8 h1:AAv5TtXlQ1Xvu+Ug5gIugO7QHH45O+1SKbVGyK+gOZg=
github.com/uptrace/opentelemetry-go-extra/otelutil v0.1.8/go.mod h1:Gd346GeBOOu+vrrO4NQGmt1jW8AwP2ezQhD3A/AeC5g=
go.opentelemetry.io/contrib/instrumentation/net/http/otelhttp v0.28.0 h1:hpEoMBvKLC6CqFZogJypr9IHwwSNF3ayEkNzD502QAM=
go.opentelemetry.io/contrib/instrumentation/net/http/otelhttp v0.28.0/go.mod h1:Ihno+mNBfZlT0Qot3XyRTdZ/9U/Cg2Pfgj75DTdIfq4=
go.opentelemetry.io/contrib/instrumentation/net/http/otelhttp v0.29.0 h1:SLme4Porm+UwX0DdHMxlwRt7FzPSE0sys81bet2o0pU=
go.opentelemetry.io/contrib/instrumentation/net/http/otelhttp v0.29.0/go.mod h1:tLYsuf2v8fZreBVwp9gVMhefZlLFZaUiNVSq8QxXRII=
go.opentelemetry.io/otel v1.0.1/go.mod h1:OPEOD4jIT2SlZPMmwT6FqZz2C0ZNdQqiWcoK6M0SNFU=
go.opentelemetry.io/otel v1.3.0 h1:APxLf0eiBwLl+SOXiJJCVYzA1OOJNyAoV8C5RNRyy7Y=
go.opentelemetry.io/otel v1.3.0/go.mod h1:PWIKzi6JCp7sM0k9yZ43VX+T345uNbAkDKwHVjb2PTs=
go.opentelemetry.io/otel v1.4.0 h1:7ESuKPq6zpjRaY5nvVDGiuwK7VAJ8MwkKnmNJ9whNZ4=
go.opentelemetry.io/otel v1.4.0/go.mod h1:jeAqMFKy2uLIxCtKxoFj0FAL5zAPKQagc3+GtBWakzk=
go.opentelemetry.io/otel/internal/metric v0.26.0 h1:dlrvawyd/A+X8Jp0EBT4wWEe4k5avYaXsXrBr4dbfnY=
go.opentelemetry.io/otel/internal/metric v0.26.0/go.mod h1:CbBP6AxKynRs3QCbhklyLUtpfzbqCLiafV9oY2Zj1Jk=
go.opentelemetry.io/otel/internal/metric v0.27.0 h1:9dAVGAfFiiEq5NVB9FUJ5et+btbDQAUIJehJ+ikyryk=
go.opentelemetry.io/otel/internal/metric v0.27.0/go.mod h1:n1CVxRqKqYZtqyTh9U/onvKapPGv7y/rpyOTI+LFNzw=
go.opentelemetry.io/otel/metric v0.26.0 h1:VaPYBTvA13h/FsiWfxa3yZnZEm15BhStD8JZQSA773M=
go.opentelemetry.io/otel/metric v0.26.0/go.mod h1:c6YL0fhRo4YVoNs6GoByzUgBp36hBL523rECoZA5UWg=
go.opentelemetry.io/otel/metric v0.27.0 h1:HhJPsGhJoKRSegPQILFbODU56NS/L1UE4fS1sC5kIwQ=
go.opentelemetry.io/otel/metric v0.27.0/go.mod h1:raXDJ7uP2/Jc0nVZWQjJtzoyssOYWu/+pjZqRzfvZ7g=
go.opentelemetry.io/otel/sdk v1.0.1/go.mod h1:HrdXne+BiwsOHYYkBE5ysIcv2bvdZstxzmCQhxTcZkI=
go.opentelemetry.io/otel/sdk v1.3.0 h1:3278edCoH89MEJ0Ky8WQXVmDQv3FX4ZJ3Pp+9fJreAI=
go.opentelemetry.io/otel/sdk v1.3.0/go.mod h1:rIo4suHNhQwBIPg9axF8V9CA72Wz2mKF1teNrup8yzs=
go.opentelemetry.io/otel/trace v1.0.1/go.mod h1:5g4i4fKLaX2BQpSBsxw8YYcgKpMMSW3x7ZTuYBr3sUk=
go.opentelemetry.io/otel/trace v1.3.0 h1:doy8Hzb1RJ+I3yFhtDmwNc7tIyw1tNMOIsyPzp1NOGY=
go.opentelemetry.io/otel/trace v1.3.0/go.mod h1:c/VDhno8888bvQYmbYLqe41/Ldmr/KKunbvWM4/fEjk=
go.opentelemetry.io/otel/trace v1.4.0 h1:4OOUrPZdVFQkbzl/JSdvGCWIdw5ONXXxzHlaLlWppmo=
go.opentelemetry.io/otel/trace v1.4.0/go.mod h1:uc3eRsqDfWs9R7b92xbQbU42/eTNz4N+gLP8qJCi4aE=
golang.org/x/sys v0.0.0-20191026070338-33540a1f6037/go.mod h1:h1NjWce9XRLGQEsW7wpKNCjG9DtNlClVuFLEZdDNbEs=
golang.org/x/sys v0.0.0-20210423185535-09eb48e85fd7/go.mod h1:h1NjWce9XRLGQEsW7wpKNCjG9DtNlClVuFLEZdDNbEs=
golang.org/x/sys v0.0.0-20220114195835-da31bd327af9 h1:XfKQ4OlFl8okEOr5UvAqFRVj8pY/4yfcXrddB8qAbU0=
golang.org/x/sys v0.0.0-20220114195835-da31bd327af9/go.mod h1:oPkhp1MJrh7nUepCBck5+mAzfO9JrbApNNgaTdGDITg=
golang.org/x/sys v0.0.0-20220209214540-3681064d5158 h1:rm+CHSpPEEW2IsXUib1ThaHIjuBVZjxNgSKmBLFfD4c=
golang.org/x/sys v0.0.0-20220209214540-3681064d5158/go.mod h1:oPkhp1MJrh7nUepCBck5+mAzfO9JrbApNNgaTdGDITg=
golang.org/x/xerrors v0.0.0-20191204190536-9bdfabe68543/go.mod h1:I/5z698sn9Ka8TeJc9MKroUUfqBBauWjQqLJ2OPfmY0=
golang.org/x/xerrors v0.0.0-20200804184101-5ec99f83aff1 h1:go1bK/D/BFZV2I8cIQd1NKEZ+0owSTG1fDTci4IqFcE=
golang.org/x/xerrors v0.0.0-20200804184101-5ec99f83aff1/go.mod h1:I/5z698sn9Ka8TeJc9MKroUUfqBBauWjQqLJ2OPfmY0=
gopkg.in/check.v1 v0.0.0-20161208181325-20d25e280405 h1:yhCVgyC4o1eVCa2tZl7eS0r+SDo693bJlVdllGtEeKM=
gopkg.in/check.v1 v0.0.0-20161208181325-20d25e280405/go.mod h1:Co6ibVJAznAaIkqp8huTwlJQCZ016jof/cbN4VW5Yz0=
gopkg.in/yaml.v3 v3.0.0-20200313102051-9f266ea9e77c h1:dUUwHk2QECo/6vqA44rthZ8ie2QXMNeKRTHCNY2nXvo=
gopkg.in/yaml.v3 v3.0.0-20200313102051-9f266ea9e77c/go.mod h1:K4uyk7z7BCEPqu6E+C64Yfv1cQ7kz7rIZviUmN+EgEM=
gorm.io/gorm v1.21.4 h1:J0xfPJMRfHgpVcYLrEAIqY/apdvTIkrltPQNHQLq9Qc=
gorm.io/gorm v1.21.4/go.mod h1:0HFTzE/SqkGTzK6TlDPPQbAYCluiVvhzoA1+aVyzenw=
gorm.io/gorm v1.22.5 h1:lYREBgc02Be/5lSCTuysZZDb6ffL2qrat6fg9CFbvXU=
gorm.io/gorm v1.22.5/go.mod h1:l2lP/RyAtc1ynaTjFksBde/O8v9oOGIApu2/xRitmZk=
